
Microsoft Visual Studio Solution File, Format Version 12.00
# Visual Studio Version 17
VisualStudioVersion = 17.0.31903.59
MinimumVisualStudioVersion = 10.0.40219.1
Project("{FAE04EC0-301F-11D3-BF4B-00C04F79EFBC}") = "API", "API\API.csproj", "{5C270B9A-CEF0-4B1A-8E83-9CDC22B954A0}"
EndProject
Project("{FAE04EC0-301F-11D3-BF4B-00C04F79EFBC}") = "Core", "Core\Core.csproj", "{7CA32938-EDC6-4C2F-8E56-A3B3F4C0BCD8}"
EndProject
Project("{FAE04EC0-301F-11D3-BF4B-00C04F79EFBC}") = "Infrastructure", "Infrastructure\Infrastructure.csproj", "{BDECB7CF-3262-40AC-987F-B928C0A5E757}"
EndProject
Global
	GlobalSection(SolutionConfigurationPlatforms) = preSolution
		Debug|Any CPU = Debug|Any CPU
		Release|Any CPU = Release|Any CPU
	EndGlobalSection
	GlobalSection(SolutionProperties) = preSolution
		HideSolutionNode = FALSE
	EndGlobalSection
	GlobalSection(ProjectConfigurationPlatforms) = postSolution
		{5C270B9A-CEF0-4B1A-8E83-9CDC22B954A0}.Debug|Any CPU.ActiveCfg = Debug|Any CPU
		{5C270B9A-CEF0-4B1A-8E83-9CDC22B954A0}.Debug|Any CPU.Build.0 = Debug|Any CPU
		{5C270B9A-CEF0-4B1A-8E83-9CDC22B954A0}.Release|Any CPU.ActiveCfg = Release|Any CPU
		{5C270B9A-CEF0-4B1A-8E83-9CDC22B954A0}.Release|Any CPU.Build.0 = Release|Any CPU
		{7CA32938-EDC6-4C2F-8E56-A3B3F4C0BCD8}.Debug|Any CPU.ActiveCfg = Debug|Any CPU
		{7CA32938-EDC6-4C2F-8E56-A3B3F4C0BCD8}.Debug|Any CPU.Build.0 = Debug|Any CPU
		{7CA32938-EDC6-4C2F-8E56-A3B3F4C0BCD8}.Release|Any CPU.ActiveCfg = Release|Any CPU
		{7CA32938-EDC6-4C2F-8E56-A3B3F4C0BCD8}.Release|Any CPU.Build.0 = Release|Any CPU
		{BDECB7CF-3262-40AC-987F-B928C0A5E757}.Debug|Any CPU.ActiveCfg = Debug|Any CPU
		{BDECB7CF-3262-40AC-987F-B928C0A5E757}.Debug|Any CPU.Build.0 = Debug|Any CPU
		{BDECB7CF-3262-40AC-987F-B928C0A5E757}.Release|Any CPU.ActiveCfg = Release|Any CPU
		{BDECB7CF-3262-40AC-987F-B928C0A5E757}.Release|Any CPU.Build.0 = Release|Any CPU
	EndGlobalSection
EndGlobal
